
Microsoft Visual Studio Solution File, Format Version 12.00
# Visual Studio 15
VisualStudioVersion = 15.0.27703.2047
MinimumVisualStudioVersion = 10.0.40219.1
Project("{FAE04EC0-301F-11D3-BF4B-00C04F79EFBC}") = "WebApi-with-NodeJS", "WebApi-with-NodeJS\WebApi-with-NodeJS.csproj", "{FFE4E1ED-5CB9-410F-A03A-B6BE91DBA134}"
EndProject
Global
	GlobalSection(SolutionConfigurationPlatforms) = preSolution
		Debug|Any CPU = Debug|Any CPU
		Release|Any CPU = Release|Any CPU
	EndGlobalSection
	GlobalSection(ProjectConfigurationPlatforms) = postSolution
		{FFE4E1ED-5CB9-410F-A03A-B6BE91DBA134}.Debug|Any CPU.ActiveCfg = Debug|Any CPU
		{FFE4E1ED-5CB9-410F-A03A-B6BE91DBA134}.Debug|Any CPU.Build.0 = Debug|Any CPU
		{FFE4E1ED-5CB9-410F-A03A-B6BE91DBA134}.Release|Any CPU.ActiveCfg = Release|Any CPU
		{FFE4E1ED-5CB9-410F-A03A-B6BE91DBA134}.Release|Any CPU.Build.0 = Release|Any CPU
	EndGlobalSection
	GlobalSection(SolutionProperties) = preSolution
		HideSolutionNode = FALSE
	EndGlobalSection
	GlobalSection(ExtensibilityGlobals) = postSolution
		SolutionGuid = {D215C122-E9DA-4960-9FB8-9A629A19B0A7}
	EndGlobalSection
EndGlobal
